// !$*UTF8*$!
{
	archiveVersion = 1;
	classes = {
	};
	objectVersion = 77;
	objects = {

/* Begin PBXContainerItemProxy section */
		3DEB7ADD2DBBC9AF004FE5B8 /* PBXContainerItemProxy */ = {
			isa = PBXContainerItemProxy;
			containerPortal = 3DEB7AC72DBBC9AE004FE5B8 /* Project object */;
			proxyType = 1;
			remoteGlobalIDString = 3DEB7ACE2DBBC9AE004FE5B8;
			remoteInfo = RunJlptpro;
		};
		3DEB7AE72DBBC9AF004FE5B8 /* PBXContainerItemProxy */ = {
			isa = PBXContainerItemProxy;
			containerPortal = 3DEB7AC72DBBC9AE004FE5B8 /* Project object */;
			proxyType = 1;
			remoteGlobalIDString = 3DEB7ACE2DBBC9AE004FE5B8;
			remoteInfo = RunJlptpro;
		};
/* End PBXContainerItemProxy section */

/* Begin PBXFileReference section */
		3DEB7ACF2DBBC9AE004FE5B8 /* RunJlptpro.app */ = {isa = PBXFileReference; explicitFileType = wrapper.application; includeInIndex = 0; path = RunJlptpro.app; sourceTree = BUILT_PRODUCTS_DIR; };
		3DEB7ADC2DBBC9AF004FE5B8 /* RunJlptproTests.xctest */ = {isa = PBXFileReference; explicitFileType = wrapper.cfbundle; includeInIndex = 0; path = RunJlptproTests.xctest; sourceTree = BUILT_PRODUCTS_DIR; };
		3DEB7AE62DBBC9AF004FE5B8 /* RunJlptproUITests.xctest */ = {isa = PBXFileReference; explicitFileType = wrapper.cfbundle; includeInIndex = 0; path = RunJlptproUITests.xctest; sourceTree = BUILT_PRODUCTS_DIR; };
/* End PBXFileReference section */

/* Begin PBXFileSystemSynchronizedRootGroup section */
		3DEB7AD12DBBC9AE004FE5B8 /* RunJlptpro */ = {
			isa = PBXFileSystemSynchronizedRootGroup;
			path = RunJlptpro;
			sourceTree = "<group>";
		};
		3DEB7ADF2DBBC9AF004FE5B8 /* RunJlptproTests */ = {
			isa = PBXFileSystemSynchronizedRootGroup;
			path = RunJlptproTests;
			sourceTree = "<group>";
		};
		3DEB7AE92DBBC9AF004FE5B8 /* RunJlptproUITests */ = {
			isa = PBXFileSystemSynchronizedRootGroup;
			path = RunJlptproUITests;
			sourceTree = "<group>";
		};
/* End PBXFileSystemSynchronizedRootGroup section */

/* Begin PBXFrameworksBuildPhase section */
		3DEB7ACC2DBBC9AE004FE5B8 /* Frameworks */ = {
			isa = PBXFrameworksBuildPhase;
			buildActionMask = 2147483647;
			files = (
			);
			runOnlyForDeploymentPostprocessing = 0;
		};
		3DEB7AD92DBBC9AF004FE5B8 /* Frameworks */ = {
			isa = PBXFrameworksBuildPhase;
			buildActionMask = 2147483647;
			files = (
			);
			runOnlyForDeploymentPostprocessing = 0;
		};
		3DEB7AE32DBBC9AF004FE5B8 /* Frameworks */ = {
			isa = PBXFrameworksBuildPhase;
			buildActionMask = 2147483647;
			files = (
			);
			runOnlyForDeploymentPostprocessing = 0;
		};
/* End PBXFrameworksBuildPhase section */

/* Begin PBXGroup section */
		3DEB7AC62DBBC9AE004FE5B8 = {
			isa = PBXGroup;
			children = (
				3DEB7AD12DBBC9AE004FE5B8 /* RunJlptpro */,
				3DEB7ADF2DBBC9AF004FE5B8 /* RunJlptproTests */,
				3DEB7AE92DBBC9AF004FE5B8 /* RunJlptproUITests */,
				3DEB7AD02DBBC9AE004FE5B8 /* Products */,
			);
			sourceTree = "<group>";
		};
		3DEB7AD02DBBC9AE004FE5B8 /* Products */ = {
			isa = PBXGroup;
			children = (
				3DEB7ACF2DBBC9AE004FE5B8 /* RunJlptpro.app */,
				3DEB7ADC2DBBC9AF004FE5B8 /* RunJlptproTests.xctest */,
				3DEB7AE62DBBC9AF004FE5B8 /* RunJlptproUITests.xctest */,
			);
			name = Products;
			sourceTree = "<group>";
		};
/* End PBXGroup section */

/* Begin PBXNativeTarget section */
		3DEB7ACE2DBBC9AE004FE5B8 /* RunJlptpro */ = {
			isa = PBXNativeTarget;
			buildConfigurationList = 3DEB7AF02DBBC9AF004FE5B8 /* Build configuration list for PBXNativeTarget "RunJlptpro" */;
			buildPhases = (
				3DEB7ACB2DBBC9AE004FE5B8 /* Sources */,
				3DEB7ACC2DBBC9AE004FE5B8 /* Frameworks */,
				3DEB7ACD2DBBC9AE004FE5B8 /* Resources */,
			);
			buildRules = (
			);
			dependencies = (
			);
			fileSystemSynchronizedGroups = (
				3DEB7AD12DBBC9AE004FE5B8 /* RunJlptpro */,
			);
			name = RunJlptpro;
			packageProductDependencies = (
			);
			productName = RunJlptpro;
			productReference = 3DEB7ACF2DBBC9AE004FE5B8 /* RunJlptpro.app */;
			productType = "com.apple.product-type.application";
		};
		3DEB7ADB2DBBC9AF004FE5B8 /* RunJlptproTests */ = {
			isa = PBXNativeTarget;
			buildConfigurationList = 3DEB7AF32DBBC9AF004FE5B8 /* Build configuration list for PBXNativeTarget "RunJlptproTests" */;
			buildPhases = (
				3DEB7AD82DBBC9AF004FE5B8 /* Sources */,
				3DEB7AD92DBBC9AF004FE5B8 /* Frameworks */,
				3DEB7ADA2DBBC9AF004FE5B8 /* Resources */,
			);
			buildRules = (
			);
			dependencies = (
				3DEB7ADE2DBBC9AF004FE5B8 /* PBXTargetDependency */,
			);
			fileSystemSynchronizedGroups = (
				3DEB7ADF2DBBC9AF004FE5B8 /* RunJlptproTests */,
			);
			name = RunJlptproTests;
			packageProductDependencies = (
			);
			productName = RunJlptproTests;
			productReference = 3DEB7ADC2DBBC9AF004FE5B8 /* RunJlptproTests.xctest */;
			productType = "com.apple.product-type.bundle.unit-test";
		};
		3DEB7AE52DBBC9AF004FE5B8 /* RunJlptproUITests */ = {
			isa = PBXNativeTarget;
			buildConfigurationList = 3DEB7AF62DBBC9AF004FE5B8 /* Build configuration list for PBXNativeTarget "RunJlptproUITests" */;
			buildPhases = (
				3DEB7AE22DBBC9AF004FE5B8 /* Sources */,
				3DEB7AE32DBBC9AF004FE5B8 /* Frameworks */,
				3DEB7AE42DBBC9AF004FE5B8 /* Resources */,
			);
			buildRules = (
			);
			dependencies = (
				3DEB7AE82DBBC9AF004FE5B8 /* PBXTargetDependency */,
			);
			fileSystemSynchronizedGroups = (
				3DEB7AE92DBBC9AF004FE5B8 /* RunJlptproUITests */,
			);
			name = RunJlptproUITests;
			packageProductDependencies = (
			);
			productName = RunJlptproUITests;
			productReference = 3DEB7AE62DBBC9AF004FE5B8 /* RunJlptproUITests.xctest */;
			productType = "com.apple.product-type.bundle.ui-testing";
		};
/* End PBXNativeTarget section */

/* Begin PBXProject section */
		3DEB7AC72DBBC9AE004FE5B8 /* Project object */ = {
			isa = PBXProject;
			attributes = {
				BuildIndependentTargetsInParallel = 1;
				LastSwiftUpdateCheck = 1630;
				LastUpgradeCheck = 1630;
				TargetAttributes = {
					3DEB7ACE2DBBC9AE004FE5B8 = {
						CreatedOnToolsVersion = 16.3;
					};
					3DEB7ADB2DBBC9AF004FE5B8 = {
						CreatedOnToolsVersion = 16.3;
						TestTargetID = 3DEB7ACE2DBBC9AE004FE5B8;
					};
					3DEB7AE52DBBC9AF004FE5B8 = {
						CreatedOnToolsVersion = 16.3;
						TestTargetID = 3DEB7ACE2DBBC9AE004FE5B8;
					};
				};
			};
			buildConfigurationList = 3DEB7ACA2DBBC9AE004FE5B8 /* Build configuration list for PBXProject "RunJlptpro" */;
			developmentRegion = en;
			hasScannedForEncodings = 0;
			knownRegions = (
				en,
				Base,
			);
			mainGroup = 3DEB7AC62DBBC9AE004FE5B8;
			minimizedProjectReferenceProxies = 1;
			preferredProjectObjectVersion = 77;
			productRefGroup = 3DEB7AD02DBBC9AE004FE5B8 /* Products */;
			projectDirPath = "";
			projectRoot = "";
			targets = (
				3DEB7ACE2DBBC9AE004FE5B8 /* RunJlptpro */,
				3DEB7ADB2DBBC9AF004FE5B8 /* RunJlptproTests */,
				3DEB7AE52DBBC9AF004FE5B8 /* RunJlptproUITests */,
			);
		};
/* End PBXProject section */

/* Begin PBXResourcesBuildPhase section */
		3DEB7ACD2DBBC9AE004FE5B8 /* Resources */ = {
			isa = PBXResourcesBuildPhase;
			buildActionMask = 2147483647;
			files = (
			);
			runOnlyForDeploymentPostprocessing = 0;
		};
		3DEB7ADA2DBBC9AF004FE5B8 /* Resources */ = {
			isa = PBXResourcesBuildPhase;
			buildActionMask = 2147483647;
			files = (
			);
			runOnlyForDeploymentPostprocessing = 0;
		};
		3DEB7AE42DBBC9AF004FE5B8 /* Resources */ = {
			isa = PBXResourcesBuildPhase;
			buildActionMask = 2147483647;
			files = (
			);
			runOnlyForDeploymentPostprocessing = 0;
		};
/* End PBXResourcesBuildPhase section */

/* Begin PBXSourcesBuildPhase section */
		3DEB7ACB2DBBC9AE004FE5B8 /* Sources */ = {
			isa = PBXSourcesBuildPhase;
			buildActionMask = 2147483647;
			files = (
			);
			runOnlyForDeploymentPostprocessing = 0;
		};
		3DEB7AD82DBBC9AF004FE5B8 /* Sources */ = {
			isa = PBXSourcesBuildPhase;
			buildActionMask = 2147483647;
			files = (
			);
			runOnlyForDeploymentPostprocessing = 0;
		};
		3DEB7AE22DBBC9AF004FE5B8 /* Sources */ = {
			isa = PBXSourcesBuildPhase;
			buildActionMask = 2147483647;
			files = (
			);
			runOnlyForDeploymentPostprocessing = 0;
		};
/* End PBXSourcesBuildPhase section */

/* Begin PBXTargetDependency section */
		3DEB7ADE2DBBC9AF004FE5B8 /* PBXTargetDependency */ = {
			isa = PBXTargetDependency;
			target = 3DEB7ACE2DBBC9AE004FE5B8 /* RunJlptpro */;
			targetProxy = 3DEB7ADD2DBBC9AF004FE5B8 /* PBXContainerItemProxy */;
		};
		3DEB7AE82DBBC9AF004FE5B8 /* PBXTargetDependency */ = {
			isa = PBXTargetDependency;
			target = 3DEB7ACE2DBBC9AE004FE5B8 /* RunJlptpro */;
			targetProxy = 3DEB7AE72DBBC9AF004FE5B8 /* PBXContainerItemProxy */;
		};
/* End PBXTargetDependency section */

/* Begin XCBuildConfiguration section */
		3DEB7AEE2DBBC9AF004FE5B8 /* Debug */ = {
			isa = XCBuildConfiguration;
			buildSettings = {
				ALWAYS_SEARCH_USER_PATHS = NO;
				ASSETCATALOG_COMPILER_GENERATE_SWIFT_ASSET_SYMBOL_EXTENSIONS = YES;
				CLANG_ANALYZER_NONNULL = YES;
				CLANG_ANALYZER_NUMBER_OBJECT_CONVERSION = YES_AGGRESSIVE;
				CLANG_CXX_LANGUAGE_STANDARD = "gnu++20";
				CLANG_ENABLE_MODULES = YES;
				CLANG_ENABLE_OBJC_ARC = YES;
				CLANG_ENABLE_OBJC_WEAK = YES;
				CLANG_WARN_BLOCK_CAPTURE_AUTORELEASING = YES;
				CLANG_WARN_BOOL_CONVERSION = YES;
				CLANG_WARN_COMMA = YES;
				CLANG_WARN_CONSTANT_CONVERSION = YES;
				CLANG_WARN_DEPRECATED_OBJC_IMPLEMENTATIONS = YES;
				CLANG_WARN_DIRECT_OBJC_ISA_USAGE = YES_ERROR;
				CLANG_WARN_DOCUMENTATION_COMMENTS = YES;
				CLANG_WARN_EMPTY_BODY = YES;
				CLANG_WARN_ENUM_CONVERSION = YES;
				CLANG_WARN_INFINITE_RECURSION = YES;
				CLANG_WARN_INT_CONVERSION = YES;
				CLANG_WARN_NON_LITERAL_NULL_CONVERSION = YES;
				CLANG_WARN_OBJC_IMPLICIT_RETAIN_SELF = YES;
				CLANG_WARN_OBJC_LITERAL_CONVERSION = YES;
				CLANG_WARN_OBJC_ROOT_CLASS = YES_ERROR;
				CLANG_WARN_QUOTED_INCLUDE_IN_FRAMEWORK_HEADER = YES;
				CLANG_WARN_RANGE_LOOP_ANALYSIS = YES;
				CLANG_WARN_STRICT_PROTOTYPES = YES;
				CLANG_WARN_SUSPICIOUS_MOVE = YES;
				CLANG_WARN_UNGUARDED_AVAILABILITY = YES_AGGRESSIVE;
				CLANG_WARN_UNREACHABLE_CODE = YES;
				CLANG_WARN__DUPLICATE_METHOD_MATCH = YES;
				COPY_PHASE_STRIP = NO;
				DEBUG_INFORMATION_FORMAT = dwarf;
				DEVELOPMENT_TEAM = 44ZUK5848A;
				ENABLE_STRICT_OBJC_MSGSEND = YES;
				ENABLE_TESTABILITY = YES;
				ENABLE_USER_SCRIPT_SANDBOXING = YES;
				GCC_C_LANGUAGE_STANDARD = gnu17;
				GCC_DYNAMIC_NO_PIC = NO;
				GCC_NO_COMMON_BLOCKS = YES;
				GCC_OPTIMIZATION_LEVEL = 0;
				GCC_PREPROCESSOR_DEFINITIONS = (
					"DEBUG=1",
					"$(inherited)",
				);
				GCC_WARN_64_TO_32_BIT_CONVERSION = YES;
				GCC_WARN_ABOUT_RETURN_TYPE = YES_ERROR;
				GCC_WARN_UNDECLARED_SELECTOR = YES;
				GCC_WARN_UNINITIALIZED_AUTOS = YES_AGGRESSIVE;
				GCC_WARN_UNUSED_FUNCTION = YES;
				GCC_WARN_UNUSED_VARIABLE = YES;
				IPHONEOS_DEPLOYMENT_TARGET = 18.4;
				LOCALIZATION_PREFERS_STRING_CATALOGS = YES;
				MTL_ENABLE_DEBUG_INFO = INCLUDE_SOURCE;
				MTL_FAST_MATH = YES;
				ONLY_ACTIVE_ARCH = YES;
				SDKROOT = iphoneos;
				SWIFT_ACTIVE_COMPILATION_CONDITIONS = "DEBUG $(inherited)";
				SWIFT_OPTIMIZATION_LEVEL = "-Onone";
			};
			name = Debug;
		};
		3DEB7AEF2DBBC9AF004FE5B8 /* Release */ = {
			isa = XCBuildConfiguration;
			buildSettings = {
				ALWAYS_SEARCH_USER_PATHS = NO;
				ASSETCATALOG_COMPILER_GENERATE_SWIFT_ASSET_SYMBOL_EXTENSIONS = YES;
				CLANG_ANALYZER_NONNULL = YES;
				CLANG_ANALYZER_NUMBER_OBJECT_CONVERSION = YES_AGGRESSIVE;
				CLANG_CXX_LANGUAGE_STANDARD = "gnu++20";
				CLANG_ENABLE_MODULES = YES;
				CLANG_ENABLE_OBJC_ARC = YES;
				CLANG_ENABLE_OBJC_WEAK = YES;
				CLANG_WARN_BLOCK_CAPTURE_AUTORELEASING = YES;
				CLANG_WARN_BOOL_CONVERSION = YES;
				CLANG_WARN_COMMA = YES;
				CLANG_WARN_CONSTANT_CONVERSION = YES;
				CLANG_WARN_DEPRECATED_OBJC_IMPLEMENTATIONS = YES;
				CLANG_WARN_DIRECT_OBJC_ISA_USAGE = YES_ERROR;
				CLANG_WARN_DOCUMENTATION_COMMENTS = YES;
				CLANG_WARN_EMPTY_BODY = YES;
				CLANG_WARN_ENUM_CONVERSION = YES;
				CLANG_WARN_INFINITE_RECURSION = YES;
				CLANG_WARN_INT_CONVERSION = YES;
				CLANG_WARN_NON_LITERAL_NULL_CONVERSION = YES;
				CLANG_WARN_OBJC_IMPLICIT_RETAIN_SELF = YES;
				CLANG_WARN_OBJC_LITERAL_CONVERSION = YES;
				CLANG_WARN_OBJC_ROOT_CLASS = YES_ERROR;
				CLANG_WARN_QUOTED_INCLUDE_IN_FRAMEWORK_HEADER = YES;
				CLANG_WARN_RANGE_LOOP_ANALYSIS = YES;
				CLANG_WARN_STRICT_PROTOTYPES = YES;
				CLANG_WARN_SUSPICIOUS_MOVE = YES;
				CLANG_WARN_UNGUARDED_AVAILABILITY = YES_AGGRESSIVE;
				CLANG_WARN_UNREACHABLE_CODE = YES;
				CLANG_WARN__DUPLICATE_METHOD_MATCH = YES;
				COPY_PHASE_STRIP = NO;
				DEBUG_INFORMATION_FORMAT = "dwarf-with-dsym";
				DEVELOPMENT_TEAM = 44ZUK5848A;
				ENABLE_NS_ASSERTIONS = NO;
				ENABLE_STRICT_OBJC_MSGSEND = YES;
				ENABLE_USER_SCRIPT_SANDBOXING = YES;
				GCC_C_LANGUAGE_STANDARD = gnu17;
				GCC_NO_COMMON_BLOCKS = YES;
				GCC_WARN_64_TO_32_BIT_CONVERSION = YES;
				GCC_WARN_ABOUT_RETURN_TYPE = YES_ERROR;
				GCC_WARN_UNDECLARED_SELECTOR = YES;
				GCC_WARN_UNINITIALIZED_AUTOS = YES_AGGRESSIVE;
				GCC_WARN_UNUSED_FUNCTION = YES;
				GCC_WARN_UNUSED_VARIABLE = YES;
				IPHONEOS_DEPLOYMENT_TARGET = 18.4;
				LOCALIZATION_PREFERS_STRING_CATALOGS = YES;
				MTL_ENABLE_DEBUG_INFO = NO;
				MTL_FAST_MATH = YES;
				SDKROOT = iphoneos;
				SWIFT_COMPILATION_MODE = wholemodule;
				VALIDATE_PRODUCT = YES;
			};
			name = Release;
		};
		3DEB7AF12DBBC9AF004FE5B8 /* Debug */ = {
			isa = XCBuildConfiguration;
			buildSettings = {
				ASSETCATALOG_COMPILER_APPICON_NAME = AppIcon;
				ASSETCATALOG_COMPILER_GLOBAL_ACCENT_COLOR_NAME = AccentColor;
				CODE_SIGN_STYLE = Automatic;
				CURRENT_PROJECT_VERSION = 1;
				DEVELOPMENT_TEAM = 44ZUK5848A;
				ENABLE_PREVIEWS = YES;
				GENERATE_INFOPLIST_FILE = YES;
				INFOPLIST_KEY_UIApplicationSceneManifest_Generation = YES;
				INFOPLIST_KEY_UIApplicationSupportsIndirectInputEvents = YES;
				INFOPLIST_KEY_UILaunchScreen_Generation = YES;
				INFOPLIST_KEY_UISupportedInterfaceOrientations_iPad = "UIInterfaceOrientationPortrait UIInterfaceOrientationPortraitUpsideDown UIInterfaceOrientationLandscapeLeft UIInterfaceOrientationLandscapeRight";
				INFOPLIST_KEY_UISupportedInterfaceOrientations_iPhone = "UIInterfaceOrientationPortrait UIInterfaceOrientationLandscapeLeft UIInterfaceOrientationLandscapeRight";
				LD_RUNPATH_SEARCH_PATHS = (
					"$(inherited)",
					"@executable_path/Frameworks",
				);
				MARKETING_VERSION = 1.0;
				PRODUCT_BUNDLE_IDENTIFIER = com.Kang.RunJlptpro;
				PRODUCT_NAME = "$(TARGET_NAME)";
				SWIFT_EMIT_LOC_STRINGS = YES;
				SWIFT_VERSION = 5.0;
				TARGETED_DEVICE_FAMILY = "1,2";
			};
			name = Debug;
		};
		3DEB7AF22DBBC9AF004FE5B8 /* Release */ = {
			isa = XCBuildConfiguration;
			buildSettings = {
				ASSETCATALOG_COMPILER_APPICON_NAME = AppIcon;
				ASSETCATALOG_COMPILER_GLOBAL_ACCENT_COLOR_NAME = AccentColor;
				CODE_SIGN_STYLE = Automatic;
				CURRENT_PROJECT_VERSION = 1;
				DEVELOPMENT_TEAM = 44ZUK5848A;
				ENABLE_PREVIEWS = YES;
				GENERATE_INFOPLIST_FILE = YES;
				INFOPLIST_KEY_UIApplicationSceneManifest_Generation = YES;
				INFOPLIST_KEY_UIApplicationSupportsIndirectInputEvents = YES;
				INFOPLIST_KEY_UILaunchScreen_Generation = YES;
				INFOPLIST_KEY_UISupportedInterfaceOrientations_iPad = "UIInterfaceOrientationPortrait UIInterfaceOrientationPortraitUpsideDown UIInterfaceOrientationLandscapeLeft UIInterfaceOrientationLandscapeRight";
				INFOPLIST_KEY_UISupportedInterfaceOrientations_iPhone = "UIInterfaceOrientationPortrait UIInterfaceOrientationLandscapeLeft UIInterfaceOrientationLandscapeRight";
				LD_RUNPATH_SEARCH_PATHS = (
					"$(inherited)",
					"@executable_path/Frameworks",
				);
				MARKETING_VERSION = 1.0;
				PRODUCT_BUNDLE_IDENTIFIER = com.Kang.RunJlptpro;
				PRODUCT_NAME = "$(TARGET_NAME)";
				SWIFT_EMIT_LOC_STRINGS = YES;
				SWIFT_VERSION = 5.0;
				TARGETED_DEVICE_FAMILY = "1,2";
			};
			name = Release;
		};
		3DEB7AF42DBBC9AF004FE5B8 /* Debug */ = {
			isa = XCBuildConfiguration;
			buildSettings = {
				BUNDLE_LOADER = "$(TEST_HOST)";
				CODE_SIGN_STYLE = Automatic;
				CURRENT_PROJECT_VERSION = 1;
				DEVELOPMENT_TEAM = 44ZUK5848A;
				GENERATE_INFOPLIST_FILE = YES;
				IPHONEOS_DEPLOYMENT_TARGET = 18.4;
				MARKETING_VERSION = 1.0;
				PRODUCT_BUNDLE_IDENTIFIER = com.Kang.RunJlptproTests;
				PRODUCT_NAME = "$(TARGET_NAME)";
				SWIFT_EMIT_LOC_STRINGS = NO;
				SWIFT_VERSION = 5.0;
				TARGETED_DEVICE_FAMILY = "1,2";
				TEST_HOST = "$(BUILT_PRODUCTS_DIR)/RunJlptpro.app/$(BUNDLE_EXECUTABLE_FOLDER_PATH)/RunJlptpro";
			};
			name = Debug;
		};
		3DEB7AF52DBBC9AF004FE5B8 /* Release */ = {
			isa = XCBuildConfiguration;
			buildSettings = {
				BUNDLE_LOADER = "$(TEST_HOST)";
				CODE_SIGN_STYLE = Automatic;
				CURRENT_PROJECT_VERSION = 1;
				DEVELOPMENT_TEAM = 44ZUK5848A;
				GENERATE_INFOPLIST_FILE = YES;
				IPHONEOS_DEPLOYMENT_TARGET = 18.4;
				MARKETING_VERSION = 1.0;
				PRODUCT_BUNDLE_IDENTIFIER = com.Kang.RunJlptproTests;
				PRODUCT_NAME = "$(TARGET_NAME)";
				SWIFT_EMIT_LOC_STRINGS = NO;
				SWIFT_VERSION = 5.0;
				TARGETED_DEVICE_FAMILY = "1,2";
				TEST_HOST = "$(BUILT_PRODUCTS_DIR)/RunJlptpro.app/$(BUNDLE_EXECUTABLE_FOLDER_PATH)/RunJlptpro";
			};
			name = Release;
		};
		3DEB7AF72DBBC9AF004FE5B8 /* Debug */ = {
			isa = XCBuildConfiguration;
			buildSettings = {
				CODE_SIGN_STYLE = Automatic;
				CURRENT_PROJECT_VERSION = 1;
				DEVELOPMENT_TEAM = 44ZUK5848A;
				GENERATE_INFOPLIST_FILE = YES;
				MARKETING_VERSION = 1.0;
				PRODUCT_BUNDLE_IDENTIFIER = com.Kang.RunJlptproUITests;
				PRODUCT_NAME = "$(TARGET_NAME)";
				SWIFT_EMIT_LOC_STRINGS = NO;
				SWIFT_VERSION = 5.0;
				TARGETED_DEVICE_FAMILY = "1,2";
				TEST_TARGET_NAME = RunJlptpro;
			};
			name = Debug;
		};
		3DEB7AF82DBBC9AF004FE5B8 /* Release */ = {
			isa = XCBuildConfiguration;
			buildSettings = {
				CODE_SIGN_STYLE = Automatic;
				CURRENT_PROJECT_VERSION = 1;
				DEVELOPMENT_TEAM = 44ZUK5848A;
				GENERATE_INFOPLIST_FILE = YES;
				MARKETING_VERSION = 1.0;
				PRODUCT_BUNDLE_IDENTIFIER = com.Kang.RunJlptproUITests;
				PRODUCT_NAME = "$(TARGET_NAME)";
				SWIFT_EMIT_LOC_STRINGS = NO;
				SWIFT_VERSION = 5.0;
				TARGETED_DEVICE_FAMILY = "1,2";
				TEST_TARGET_NAME = RunJlptpro;
			};
			name = Release;
		};
/* End XCBuildConfiguration section */

/* Begin XCConfigurationList section */
		3DEB7ACA2DBBC9AE004FE5B8 /* Build configuration list for PBXProject "RunJlptpro" */ = {
			isa = XCConfigurationList;
			buildConfigurations = (
				3DEB7AEE2DBBC9AF004FE5B8 /* Debug */,
				3DEB7AEF2DBBC9AF004FE5B8 /* Release */,
			);
			defaultConfigurationIsVisible = 0;
			defaultConfigurationName = Release;
		};
		3DEB7AF02DBBC9AF004FE5B8 /* Build configuration list for PBXNativeTarget "RunJlptpro" */ = {
			isa = XCConfigurationList;
			buildConfigurations = (
				3DEB7AF12DBBC9AF004FE5B8 /* Debug */,
				3DEB7AF22DBBC9AF004FE5B8 /* Release */,
			);
			defaultConfigurationIsVisible = 0;
			defaultConfigurationName = Release;
		};
		3DEB7AF32DBBC9AF004FE5B8 /* Build configuration list for PBXNativeTarget "RunJlptproTests" */ = {
			isa = XCConfigurationList;
			buildConfigurations = (
				3DEB7AF42DBBC9AF004FE5B8 /* Debug */,
				3DEB7AF52DBBC9AF004FE5B8 /* Release */,
			);
			defaultConfigurationIsVisible = 0;
			defaultConfigurationName = Release;
		};
		3DEB7AF62DBBC9AF004FE5B8 /* Build configuration list for PBXNativeTarget "RunJlptproUITests" */ = {
			isa = XCConfigurationList;
			buildConfigurations = (
				3DEB7AF72DBBC9AF004FE5B8 /* Debug */,
				3DEB7AF82DBBC9AF004FE5B8 /* Release */,
			);
			defaultConfigurationIsVisible = 0;
			defaultConfigurationName = Release;
		};
/* End XCConfigurationList section */
	};
	rootObject = 3DEB7AC72DBBC9AE004FE5B8 /* Project object */;
}
